
Microsoft Visual Studio Solution File, Format Version 12.00
# Visual Studio Version 17
VisualStudioVersion = 17.13.35913.81 d17.13
MinimumVisualStudioVersion = 10.0.40219.1
Project("{FAE04EC0-301F-11D3-BF4B-00C04F79EFBC}") = "1Task", "1Task\1Task.csproj", "{130E5ECE-3BFD-4F9E-92F2-8E766B5AFCC4}"
EndProject
Project("{FAE04EC0-301F-11D3-BF4B-00C04F79EFBC}") = "2Task", "2Task\2Task.csproj", "{E85FD5F0-846C-465D-814A-B015D7250EB7}"
EndProject
Project("{FAE04EC0-301F-11D3-BF4B-00C04F79EFBC}") = "4Task", "4Task\4Task.csproj", "{11639EBE-0396-4885-A2D8-A839BBA0F43C}"
EndProject
Global
	GlobalSection(SolutionConfigurationPlatforms) = preSolution
		Debug|Any CPU = Debug|Any CPU
		Release|Any CPU = Release|Any CPU
	EndGlobalSection
	GlobalSection(ProjectConfigurationPlatforms) = postSolution
		{130E5ECE-3BFD-4F9E-92F2-8E766B5AFCC4}.Debug|Any CPU.ActiveCfg = Debug|Any CPU
		{130E5ECE-3BFD-4F9E-92F2-8E766B5AFCC4}.Debug|Any CPU.Build.0 = Debug|Any CPU
		{130E5ECE-3BFD-4F9E-92F2-8E766B5AFCC4}.Release|Any CPU.ActiveCfg = Release|Any CPU
		{130E5ECE-3BFD-4F9E-92F2-8E766B5AFCC4}.Release|Any CPU.Build.0 = Release|Any CPU
		{E85FD5F0-846C-465D-814A-B015D7250EB7}.Debug|Any CPU.ActiveCfg = Debug|Any CPU
		{E85FD5F0-846C-465D-814A-B015D7250EB7}.Debug|Any CPU.Build.0 = Debug|Any CPU
		{E85FD5F0-846C-465D-814A-B015D7250EB7}.Release|Any CPU.ActiveCfg = Release|Any CPU
		{E85FD5F0-846C-465D-814A-B015D7250EB7}.Release|Any CPU.Build.0 = Release|Any CPU
		{11639EBE-0396-4885-A2D8-A839BBA0F43C}.Debug|Any CPU.ActiveCfg = Debug|Any CPU
		{11639EBE-0396-4885-A2D8-A839BBA0F43C}.Debug|Any CPU.Build.0 = Debug|Any CPU
		{11639EBE-0396-4885-A2D8-A839BBA0F43C}.Release|Any CPU.ActiveCfg = Release|Any CPU
		{11639EBE-0396-4885-A2D8-A839BBA0F43C}.Release|Any CPU.Build.0 = Release|Any CPU
	EndGlobalSection
	GlobalSection(SolutionProperties) = preSolution
		HideSolutionNode = FALSE
	EndGlobalSection
	GlobalSection(ExtensibilityGlobals) = postSolution
		SolutionGuid = {77537323-A7FF-4C9D-8E4C-E4599378DD86}
	EndGlobalSection
EndGlobal
