
Microsoft Visual Studio Solution File, Format Version 12.00
# Visual Studio Version 17
VisualStudioVersion = 17.13.35913.81 d17.13
MinimumVisualStudioVersion = 10.0.40219.1
Project("{FAE04EC0-301F-11D3-BF4B-00C04F79EFBC}") = "2Task", "2Task\2Task.csproj", "{966974DE-4065-452F-93C7-6945423DCF36}"
EndProject
Project("{FAE04EC0-301F-11D3-BF4B-00C04F79EFBC}") = "3Task", "3Task\3Task.csproj", "{DA7FAE6F-8827-4AEC-B678-7D649D9C8E0A}"
EndProject
Project("{FAE04EC0-301F-11D3-BF4B-00C04F79EFBC}") = "5Task", "5Task\5Task.csproj", "{3C4409EA-6E9C-44B2-A771-F0C7E6A6DBC0}"
EndProject
Global
	GlobalSection(SolutionConfigurationPlatforms) = preSolution
		Debug|Any CPU = Debug|Any CPU
		Release|Any CPU = Release|Any CPU
	EndGlobalSection
	GlobalSection(ProjectConfigurationPlatforms) = postSolution
		{966974DE-4065-452F-93C7-6945423DCF36}.Debug|Any CPU.ActiveCfg = Debug|Any CPU
		{966974DE-4065-452F-93C7-6945423DCF36}.Debug|Any CPU.Build.0 = Debug|Any CPU
		{966974DE-4065-452F-93C7-6945423DCF36}.Release|Any CPU.ActiveCfg = Release|Any CPU
		{966974DE-4065-452F-93C7-6945423DCF36}.Release|Any CPU.Build.0 = Release|Any CPU
		{DA7FAE6F-8827-4AEC-B678-7D649D9C8E0A}.Debug|Any CPU.ActiveCfg = Debug|Any CPU
		{DA7FAE6F-8827-4AEC-B678-7D649D9C8E0A}.Debug|Any CPU.Build.0 = Debug|Any CPU
		{DA7FAE6F-8827-4AEC-B678-7D649D9C8E0A}.Release|Any CPU.ActiveCfg = Release|Any CPU
		{DA7FAE6F-8827-4AEC-B678-7D649D9C8E0A}.Release|Any CPU.Build.0 = Release|Any CPU
		{3C4409EA-6E9C-44B2-A771-F0C7E6A6DBC0}.Debug|Any CPU.ActiveCfg = Debug|Any CPU
		{3C4409EA-6E9C-44B2-A771-F0C7E6A6DBC0}.Debug|Any CPU.Build.0 = Debug|Any CPU
		{3C4409EA-6E9C-44B2-A771-F0C7E6A6DBC0}.Release|Any CPU.ActiveCfg = Release|Any CPU
		{3C4409EA-6E9C-44B2-A771-F0C7E6A6DBC0}.Release|Any CPU.Build.0 = Release|Any CPU
	EndGlobalSection
	GlobalSection(SolutionProperties) = preSolution
		HideSolutionNode = FALSE
	EndGlobalSection
	GlobalSection(ExtensibilityGlobals) = postSolution
		SolutionGuid = {5CFBF749-274A-4AC8-AAFC-AA0D66143B41}
	EndGlobalSection
EndGlobal
