
Microsoft Visual Studio Solution File, Format Version 12.00
# Visual Studio Version 17
VisualStudioVersion = 17.13.35913.81 d17.13
MinimumVisualStudioVersion = 10.0.40219.1
Project("{FAE04EC0-301F-11D3-BF4B-00C04F79EFBC}") = "1Task", "1Task\1Task.csproj", "{DDD88F22-C05D-4D5A-AF72-28EA22A22961}"
EndProject
Project("{FAE04EC0-301F-11D3-BF4B-00C04F79EFBC}") = "3Task14Lesson", "3Task14Lesson\3Task14Lesson.csproj", "{4E3F0064-F036-414F-9A77-C69C1A65198A}"
EndProject
Project("{FAE04EC0-301F-11D3-BF4B-00C04F79EFBC}") = "2Task", "2Task\2Task.csproj", "{0ADE844E-920C-4A9B-9DF7-AE036AAE906A}"
EndProject
Project("{FAE04EC0-301F-11D3-BF4B-00C04F79EFBC}") = "For2Task", "For2Task\For2Task.csproj", "{142B5397-B831-4897-B032-508F1FE8FA6D}"
EndProject
Global
	GlobalSection(SolutionConfigurationPlatforms) = preSolution
		Debug|Any CPU = Debug|Any CPU
		Release|Any CPU = Release|Any CPU
	EndGlobalSection
	GlobalSection(ProjectConfigurationPlatforms) = postSolution
		{DDD88F22-C05D-4D5A-AF72-28EA22A22961}.Debug|Any CPU.ActiveCfg = Debug|Any CPU
		{DDD88F22-C05D-4D5A-AF72-28EA22A22961}.Debug|Any CPU.Build.0 = Debug|Any CPU
		{DDD88F22-C05D-4D5A-AF72-28EA22A22961}.Release|Any CPU.ActiveCfg = Release|Any CPU
		{DDD88F22-C05D-4D5A-AF72-28EA22A22961}.Release|Any CPU.Build.0 = Release|Any CPU
		{4E3F0064-F036-414F-9A77-C69C1A65198A}.Debug|Any CPU.ActiveCfg = Debug|Any CPU
		{4E3F0064-F036-414F-9A77-C69C1A65198A}.Debug|Any CPU.Build.0 = Debug|Any CPU
		{4E3F0064-F036-414F-9A77-C69C1A65198A}.Release|Any CPU.ActiveCfg = Release|Any CPU
		{4E3F0064-F036-414F-9A77-C69C1A65198A}.Release|Any CPU.Build.0 = Release|Any CPU
		{0ADE844E-920C-4A9B-9DF7-AE036AAE906A}.Debug|Any CPU.ActiveCfg = Debug|Any CPU
		{0ADE844E-920C-4A9B-9DF7-AE036AAE906A}.Debug|Any CPU.Build.0 = Debug|Any CPU
		{0ADE844E-920C-4A9B-9DF7-AE036AAE906A}.Release|Any CPU.ActiveCfg = Release|Any CPU
		{0ADE844E-920C-4A9B-9DF7-AE036AAE906A}.Release|Any CPU.Build.0 = Release|Any CPU
		{142B5397-B831-4897-B032-508F1FE8FA6D}.Debug|Any CPU.ActiveCfg = Debug|Any CPU
		{142B5397-B831-4897-B032-508F1FE8FA6D}.Debug|Any CPU.Build.0 = Debug|Any CPU
		{142B5397-B831-4897-B032-508F1FE8FA6D}.Release|Any CPU.ActiveCfg = Release|Any CPU
		{142B5397-B831-4897-B032-508F1FE8FA6D}.Release|Any CPU.Build.0 = Release|Any CPU
	EndGlobalSection
	GlobalSection(SolutionProperties) = preSolution
		HideSolutionNode = FALSE
	EndGlobalSection
	GlobalSection(ExtensibilityGlobals) = postSolution
		SolutionGuid = {AF81CB0B-8855-44CC-B138-65F10852D015}
	EndGlobalSection
EndGlobal
