
Microsoft Visual Studio Solution File, Format Version 12.00
# Visual Studio Version 17
VisualStudioVersion = 17.13.35913.81
MinimumVisualStudioVersion = 10.0.40219.1
Project("{FAE04EC0-301F-11D3-BF4B-00C04F79EFBC}") = "2Task", "2Task\2Task.csproj", "{F61B73AD-7125-427B-8CC8-40B5DA59665B}"
EndProject
Project("{FAE04EC0-301F-11D3-BF4B-00C04F79EFBC}") = "3Task", "3Task\3Task.csproj", "{86A56DD4-70EC-40F1-9C70-F4F5171347A7}"
EndProject
Project("{FAE04EC0-301F-11D3-BF4B-00C04F79EFBC}") = "4Task", "4Task\4Task.csproj", "{2FF6E95B-A395-42BB-BFFB-ABA8BA8DC0C5}"
EndProject
Project("{FAE04EC0-301F-11D3-BF4B-00C04F79EFBC}") = "6Task", "6Task\6Task.csproj", "{032A065A-C867-42DC-96E5-0CC1F3D15991}"
EndProject
Global
	GlobalSection(SolutionConfigurationPlatforms) = preSolution
		Debug|Any CPU = Debug|Any CPU
		Release|Any CPU = Release|Any CPU
	EndGlobalSection
	GlobalSection(ProjectConfigurationPlatforms) = postSolution
		{F61B73AD-7125-427B-8CC8-40B5DA59665B}.Debug|Any CPU.ActiveCfg = Debug|Any CPU
		{F61B73AD-7125-427B-8CC8-40B5DA59665B}.Debug|Any CPU.Build.0 = Debug|Any CPU
		{F61B73AD-7125-427B-8CC8-40B5DA59665B}.Release|Any CPU.ActiveCfg = Release|Any CPU
		{F61B73AD-7125-427B-8CC8-40B5DA59665B}.Release|Any CPU.Build.0 = Release|Any CPU
		{86A56DD4-70EC-40F1-9C70-F4F5171347A7}.Debug|Any CPU.ActiveCfg = Debug|Any CPU
		{86A56DD4-70EC-40F1-9C70-F4F5171347A7}.Debug|Any CPU.Build.0 = Debug|Any CPU
		{86A56DD4-70EC-40F1-9C70-F4F5171347A7}.Release|Any CPU.ActiveCfg = Release|Any CPU
		{86A56DD4-70EC-40F1-9C70-F4F5171347A7}.Release|Any CPU.Build.0 = Release|Any CPU
		{2FF6E95B-A395-42BB-BFFB-ABA8BA8DC0C5}.Debug|Any CPU.ActiveCfg = Debug|Any CPU
		{2FF6E95B-A395-42BB-BFFB-ABA8BA8DC0C5}.Debug|Any CPU.Build.0 = Debug|Any CPU
		{2FF6E95B-A395-42BB-BFFB-ABA8BA8DC0C5}.Release|Any CPU.ActiveCfg = Release|Any CPU
		{2FF6E95B-A395-42BB-BFFB-ABA8BA8DC0C5}.Release|Any CPU.Build.0 = Release|Any CPU
		{032A065A-C867-42DC-96E5-0CC1F3D15991}.Debug|Any CPU.ActiveCfg = Debug|Any CPU
		{032A065A-C867-42DC-96E5-0CC1F3D15991}.Debug|Any CPU.Build.0 = Debug|Any CPU
		{032A065A-C867-42DC-96E5-0CC1F3D15991}.Release|Any CPU.ActiveCfg = Release|Any CPU
		{032A065A-C867-42DC-96E5-0CC1F3D15991}.Release|Any CPU.Build.0 = Release|Any CPU
	EndGlobalSection
	GlobalSection(SolutionProperties) = preSolution
		HideSolutionNode = FALSE
	EndGlobalSection
	GlobalSection(ExtensibilityGlobals) = postSolution
		SolutionGuid = {1B012262-F7C9-4FCB-9C82-A121CADC99B0}
	EndGlobalSection
EndGlobal
